
Microsoft Visual Studio Solution File, Format Version 12.00
# Visual Studio Version 16
VisualStudioVersion = 16.0.30503.244
MinimumVisualStudioVersion = 10.0.40219.1
Project("{FAE04EC0-301F-11D3-BF4B-00C04F79EFBC}") = "Shop.Common", "Shop.Common\Shop.Common.csproj", "{185BE7E1-1020-4203-AFE8-E221BB6CE0CA}"
EndProject
Project("{2150E333-8FDC-42A3-9474-1A3956D46DE8}") = "Backend", "Backend", "{2C4720A5-9754-44FF-9665-9D1FC4630F46}"
EndProject
Project("{2150E333-8FDC-42A3-9474-1A3956D46DE8}") = "Frontend", "Frontend", "{6A79BD0F-EF3A-4011-8AC2-718178F51327}"
EndProject
Project("{FAE04EC0-301F-11D3-BF4B-00C04F79EFBC}") = "Shop.Web", "Shop.Web\Shop.Web.csproj", "{5746A819-C65B-40DB-8C24-4AAFECCF833F}"
EndProject
Global
	GlobalSection(SolutionConfigurationPlatforms) = preSolution
		Debug|Any CPU = Debug|Any CPU
		Release|Any CPU = Release|Any CPU
	EndGlobalSection
	GlobalSection(ProjectConfigurationPlatforms) = postSolution
		{185BE7E1-1020-4203-AFE8-E221BB6CE0CA}.Debug|Any CPU.ActiveCfg = Debug|Any CPU
		{185BE7E1-1020-4203-AFE8-E221BB6CE0CA}.Debug|Any CPU.Build.0 = Debug|Any CPU
		{185BE7E1-1020-4203-AFE8-E221BB6CE0CA}.Release|Any CPU.ActiveCfg = Release|Any CPU
		{185BE7E1-1020-4203-AFE8-E221BB6CE0CA}.Release|Any CPU.Build.0 = Release|Any CPU
		{5746A819-C65B-40DB-8C24-4AAFECCF833F}.Debug|Any CPU.ActiveCfg = Debug|Any CPU
		{5746A819-C65B-40DB-8C24-4AAFECCF833F}.Debug|Any CPU.Build.0 = Debug|Any CPU
		{5746A819-C65B-40DB-8C24-4AAFECCF833F}.Release|Any CPU.ActiveCfg = Release|Any CPU
		{5746A819-C65B-40DB-8C24-4AAFECCF833F}.Release|Any CPU.Build.0 = Release|Any CPU
	EndGlobalSection
	GlobalSection(SolutionProperties) = preSolution
		HideSolutionNode = FALSE
	EndGlobalSection
	GlobalSection(NestedProjects) = preSolution
		{5746A819-C65B-40DB-8C24-4AAFECCF833F} = {2C4720A5-9754-44FF-9665-9D1FC4630F46}
	EndGlobalSection
	GlobalSection(ExtensibilityGlobals) = postSolution
		SolutionGuid = {42C2DC74-C955-4B4C-9462-26E64477E3CA}
	EndGlobalSection
EndGlobal
